// !$*UTF8*$!
{
	archiveVersion = 1;
	classes = {
	};
	objectVersion = 46;
	objects = {

/* Begin PBXBuildFile section */
		DB2A2EA41A2CDA2400BAFC44 /* main.cpp in Sources */ = {isa = PBXBuildFile; fileRef = DB2A2EA31A2CDA2400BAFC44 /* main.cpp */; };
/* End PBXBuildFile section */

/* Begin PBXCopyFilesBuildPhase section */
		DB2A2E9E1A2CDA2400BAFC44 /* CopyFiles */ = {
			isa = PBXCopyFilesBuildPhase;
			buildActionMask = 2147483647;
			dstPath = /usr/share/man/man1/;
			dstSubfolderSpec = 0;
			files = (
			);
			runOnlyForDeploymentPostprocessing = 1;
		};
/* End PBXCopyFilesBuildPhase section */

/* Begin PBXFileReference section */
		DB2A2EA01A2CDA2400BAFC44 /* IoC */ = {isa = PBXFileReference; explicitFileType = "compiled.mach-o.executable"; includeInIndex = 0; path = IoC; sourceTree = BUILT_PRODUCTS_DIR; };
		DB2A2EA31A2CDA2400BAFC44 /* main.cpp */ = {isa = PBXFileReference; lastKnownFileType = sourcecode.cpp.cpp; path = main.cpp; sourceTree = "<group>"; };
/* End PBXFileReference section */

/* Begin PBXFrameworksBuildPhase section */
		DB2A2E9D1A2CDA2400BAFC44 /* Frameworks */ = {
			isa = PBXFrameworksBuildPhase;
			buildActionMask = 2147483647;
			files = (
			);
			runOnlyForDeploymentPostprocessing = 0;
		};
/* End PBXFrameworksBuildPhase section */

/* Begin PBXGroup section */
		DB2A2E971A2CDA2400BAFC44 = {
			isa = PBXGroup;
			children = (
				DB2A2EA21A2CDA2400BAFC44 /* IoC */,
				DB2A2EA11A2CDA2400BAFC44 /* Products */,
			);
			sourceTree = "<group>";
		};
		DB2A2EA11A2CDA2400BAFC44 /* Products */ = {
			isa = PBXGroup;
			children = (
				DB2A2EA01A2CDA2400BAFC44 /* IoC */,
			);
			name = Products;
			sourceTree = "<group>";
		};
		DB2A2EA21A2CDA2400BAFC44 /* IoC */ = {
			isa = PBXGroup;
			children = (
				DB2A2EA31A2CDA2400BAFC44 /* main.cpp */,
			);
			path = IoC;
			sourceTree = "<group>";
		};
/* End PBXGroup section */

/* Begin PBXNativeTarget section */
		DB2A2E9F1A2CDA2400BAFC44 /* IoC */ = {
			isa = PBXNativeTarget;
			buildConfigurationList = DB2A2EA71A2CDA2400BAFC44 /* Build configuration list for PBXNativeTarget "IoC" */;
			buildPhases = (
				DB2A2E9C1A2CDA2400BAFC44 /* Sources */,
				DB2A2E9D1A2CDA2400BAFC44 /* Frameworks */,
				DB2A2E9E1A2CDA2400BAFC44 /* CopyFiles */,
			);
			buildRules = (
			);
			dependencies = (
			);
			name = IoC;
			productName = IoC;
			productReference = DB2A2EA01A2CDA2400BAFC44 /* IoC */;
			productType = "com.apple.product-type.tool";
		};
/* End PBXNativeTarget section */

/* Begin PBXProject section */
		DB2A2E981A2CDA2400BAFC44 /* Project object */ = {
			isa = PBXProject;
			attributes = {
				LastUpgradeCheck = 0610;
				TargetAttributes = {
					DB2A2E9F1A2CDA2400BAFC44 = {
						CreatedOnToolsVersion = 6.1;
					};
				};
			};
			buildConfigurationList = DB2A2E9B1A2CDA2400BAFC44 /* Build configuration list for PBXProject "IoC" */;
			compatibilityVersion = "Xcode 3.2";
			developmentRegion = English;
			hasScannedForEncodings = 0;
			knownRegions = (
				en,
			);
			mainGroup = DB2A2E971A2CDA2400BAFC44;
			productRefGroup = DB2A2EA11A2CDA2400BAFC44 /* Products */;
			projectDirPath = "";
			projectRoot = "";
			targets = (
				DB2A2E9F1A2CDA2400BAFC44 /* IoC */,
			);
		};
/* End PBXProject section */

/* Begin PBXSourcesBuildPhase section */
		DB2A2E9C1A2CDA2400BAFC44 /* Sources */ = {
			isa = PBXSourcesBuildPhase;
			buildActionMask = 2147483647;
			files = (
				DB2A2EA41A2CDA2400BAFC44 /* main.cpp in Sources */,
			);
			runOnlyForDeploymentPostprocessing = 0;
		};
/* End PBXSourcesBuildPhase section */

/* Begin XCBuildConfiguration section */
		DB2A2EA51A2CDA2400BAFC44 /* Debug */ = {
			isa = XCBuildConfiguration;
			buildSettings = {
				ALWAYS_SEARCH_USER_PATHS = NO;
				CLANG_CXX_LANGUAGE_STANDARD = "gnu++0x";
				CLANG_CXX_LIBRARY = "libc++";
				CLANG_ENABLE_MODULES = YES;
				CLANG_ENABLE_OBJC_ARC = YES;
				CLANG_WARN_BOOL_CONVERSION = YES;
				CLANG_WARN_CONSTANT_CONVERSION = YES;
				CLANG_WARN_DIRECT_OBJC_ISA_USAGE = YES_ERROR;
				CLANG_WARN_EMPTY_BODY = YES;
				CLANG_WARN_ENUM_CONVERSION = YES;
				CLANG_WARN_INT_CONVERSION = YES;
				CLANG_WARN_OBJC_ROOT_CLASS = YES_ERROR;
				CLANG_WARN_UNREACHABLE_CODE = YES;
				CLANG_WARN__DUPLICATE_METHOD_MATCH = YES;
				COPY_PHASE_STRIP = NO;
				ENABLE_STRICT_OBJC_MSGSEND = YES;
				GCC_C_LANGUAGE_STANDARD = gnu99;
				GCC_DYNAMIC_NO_PIC = NO;
				GCC_OPTIMIZATION_LEVEL = 0;
				GCC_PREPROCESSOR_DEFINITIONS = (
					"DEBUG=1",
					"$(inherited)",
				);
				GCC_SYMBOLS_PRIVATE_EXTERN = NO;
				GCC_WARN_64_TO_32_BIT_CONVERSION = YES;
				GCC_WARN_ABOUT_RETURN_TYPE = YES_ERROR;
				GCC_WARN_UNDECLARED_SELECTOR = YES;
				GCC_WARN_UNINITIALIZED_AUTOS = YES_AGGRESSIVE;
				GCC_WARN_UNUSED_FUNCTION = YES;
				GCC_WARN_UNUSED_VARIABLE = YES;
				MACOSX_DEPLOYMENT_TARGET = 10.9;
				MTL_ENABLE_DEBUG_INFO = YES;
				ONLY_ACTIVE_ARCH = YES;
				SDKROOT = macosx;
			};
			name = Debug;
		};
		DB2A2EA61A2CDA2400BAFC44 /* Release */ = {
			isa = XCBuildConfiguration;
			buildSettings = {
				ALWAYS_SEARCH_USER_PATHS = NO;
				CLANG_CXX_LANGUAGE_STANDARD = "gnu++0x";
				CLANG_CXX_LIBRARY = "libc++";
				CLANG_ENABLE_MODULES = YES;
				CLANG_ENABLE_OBJC_ARC = YES;
				CLANG_WARN_BOOL_CONVERSION = YES;
				CLANG_WARN_CONSTANT_CONVERSION = YES;
				CLANG_WARN_DIRECT_OBJC_ISA_USAGE = YES_ERROR;
				CLANG_WARN_EMPTY_BODY = YES;
				CLANG_WARN_ENUM_CONVERSION = YES;
				CLANG_WARN_INT_CONVERSION = YES;
				CLANG_WARN_OBJC_ROOT_CLASS = YES_ERROR;
				CLANG_WARN_UNREACHABLE_CODE = YES;
				CLANG_WARN__DUPLICATE_METHOD_MATCH = YES;
				COPY_PHASE_STRIP = YES;
				DEBUG_INFORMATION_FORMAT = "dwarf-with-dsym";
				ENABLE_NS_ASSERTIONS = NO;
				ENABLE_STRICT_OBJC_MSGSEND = YES;
				GCC_C_LANGUAGE_STANDARD = gnu99;
				GCC_WARN_64_TO_32_BIT_CONVERSION = YES;
				GCC_WARN_ABOUT_RETURN_TYPE = YES_ERROR;
				GCC_WARN_UNDECLARED_SELECTOR = YES;
				GCC_WARN_UNINITIALIZED_AUTOS = YES_AGGRESSIVE;
				GCC_WARN_UNUSED_FUNCTION = YES;
				GCC_WARN_UNUSED_VARIABLE = YES;
				MACOSX_DEPLOYMENT_TARGET = 10.9;
				MTL_ENABLE_DEBUG_INFO = NO;
				SDKROOT = macosx;
			};
			name = Release;
		};
		DB2A2EA81A2CDA2400BAFC44 /* Debug */ = {
			isa = XCBuildConfiguration;
			buildSettings = {
				CLANG_CXX_LANGUAGE_STANDARD = "c++14";
				OTHER_CPLUSPLUSFLAGS = "$(OTHER_CFLAGS)";
				PRODUCT_NAME = "$(TARGET_NAME)";
				VALID_ARCHS = x86_64;
			};
			name = Debug;
		};
		DB2A2EA91A2CDA2400BAFC44 /* Release */ = {
			isa = XCBuildConfiguration;
			buildSettings = {
				CLANG_CXX_LANGUAGE_STANDARD = "c++14";
				OTHER_CPLUSPLUSFLAGS = "$(OTHER_CFLAGS)";
				PRODUCT_NAME = "$(TARGET_NAME)";
				VALID_ARCHS = x86_64;
			};
			name = Release;
		};
/* End XCBuildConfiguration section */

/* Begin XCConfigurationList section */
		DB2A2E9B1A2CDA2400BAFC44 /* Build configuration list for PBXProject "IoC" */ = {
			isa = XCConfigurationList;
			buildConfigurations = (
				DB2A2EA51A2CDA2400BAFC44 /* Debug */,
				DB2A2EA61A2CDA2400BAFC44 /* Release */,
			);
			defaultConfigurationIsVisible = 0;
			defaultConfigurationName = Release;
		};
		DB2A2EA71A2CDA2400BAFC44 /* Build configuration list for PBXNativeTarget "IoC" */ = {
			isa = XCConfigurationList;
			buildConfigurations = (
				DB2A2EA81A2CDA2400BAFC44 /* Debug */,
				DB2A2EA91A2CDA2400BAFC44 /* Release */,
			);
			defaultConfigurationIsVisible = 0;
			defaultConfigurationName = Release;
		};
/* End XCConfigurationList section */
	};
	rootObject = DB2A2E981A2CDA2400BAFC44 /* Project object */;
}
